<?xml version="1.0" encoding="utf-8"?>
<Project ToolsVersion="4.0" xmlns="http://schemas.microsoft.com/developer/msbuild/2003">
  <ItemGroup>
    <Filter Include="Source Files">
      <UniqueIdentifier>{4FC737F1-C7A5-4376-A066-2A32D752A2FF}</UniqueIdentifier>
      <Extensions>cpp;c;cc;cxx;def;odl;idl;hpj;bat;asm;asmx</Extensions>
    </Filter>
    <Filter Include="Header Files">
      <UniqueIdentifier>{93995380-89BD-4b04-88EB-625FBE52EBFB}</UniqueIdentifier>
      <Extensions>h;hh;hpp;hxx;hm;inl;inc;xsd</Extensions>
    </Filter>
    <Filter Include="Resource Files">
      <UniqueIdentifier>{67DA6AB6-F800-4c08-8B7A-83BB121AAD01}</UniqueIdentifier>
      <Extensions>rc;ico;cur;bmp;dlg;rc2;rct;bin;rgs;gif;jpg;jpeg;jpe;resx;tiff;tif;png;wav;mfcribbon-ms</Extensions>
    </Filter>
    <Filter Include="Maths">
      <UniqueIdentifier>{acabd795-cd73-43d2-b8ca-313e904af65d}</UniqueIdentifier>
    </Filter>
  </ItemGroup>
  <ItemGroup>
    <ClCompile Include="Application2D.cpp">
      <Filter>Source Files</Filter>
    </ClCompile>
    <ClCompile Include="main.cpp">
      <Filter>Source Files</Filter>
    </ClCompile>
    <ClCompile Include="Maths\Vector2.cpp">
      <Filter>Maths</Filter>
    </ClCompile>
    <ClCompile Include="Maths\Vector3.cpp">
      <Filter>Maths</Filter>
    </ClCompile>
    <ClCompile Include="ResourceClass.cpp">
      <Filter>Source Files</Filter>
    </ClCompile>
    <ClCompile Include="Villager.cpp">
      <Filter>Source Files</Filter>
    </ClCompile>
    <ClCompile Include="GameObject.cpp">
      <Filter>Source Files</Filter>
    </ClCompile>
    <ClCompile Include="Floor.cpp">
      <Filter>Source Files</Filter>
    </ClCompile>
    <ClCompile Include="Tile.cpp">
      <Filter>Source Files</Filter>
    </ClCompile>
    <ClCompile Include="ResourceManager.cpp">
      <Filter>Source Files</Filter>
    </ClCompile>
    <ClCompile Include="FloorHeap.cpp">
      <Filter>Source Files</Filter>
    </ClCompile>
    <ClCompile Include="Empire.cpp">
      <Filter>Source Files</Filter>
    </ClCompile>
    <ClCompile Include="Unit.cpp">
      <Filter>Source Files</Filter>
    </ClCompile>
    <ClCompile Include="Building.cpp">
      <Filter>Source Files</Filter>
    </ClCompile>
    <ClCompile Include="TownCentre.cpp">
      <Filter>Source Files</Filter>
    </ClCompile>
    <ClCompile Include="BuildingPool.cpp">
      <Filter>Source Files</Filter>
    </ClCompile>
    <ClCompile Include="UnitPool.cpp">
      <Filter>Source Files</Filter>
    </ClCompile>
    <ClCompile Include="Storage.cpp">
      <Filter>Source Files</Filter>
    </ClCompile>
    <ClCompile Include="InputComponent.cpp">
      <Filter>Source Files</Filter>
    </ClCompile>
    <ClCompile Include="AIComponent.cpp">
      <Filter>Source Files</Filter>
    </ClCompile>
    <ClCompile Include="PlayerComponent.cpp">
      <Filter>Source Files</Filter>
    </ClCompile>
    <ClCompile Include="UI.cpp">
      <Filter>Source Files</Filter>
    </ClCompile>
    <ClCompile Include="Icon.cpp">
      <Filter>Source Files</Filter>
    </ClCompile>
    <ClCompile Include="Barracks.cpp">
      <Filter>Source Files</Filter>
    </ClCompile>
    <ClCompile Include="ArcheryRange.cpp">
      <Filter>Source Files</Filter>
    </ClCompile>
    <ClCompile Include="Stable.cpp">
      <Filter>Source Files</Filter>
    </ClCompile>
    <ClCompile Include="Knight.cpp">
      <Filter>Source Files</Filter>
    </ClCompile>
    <ClCompile Include="Scout.cpp">
      <Filter>Source Files</Filter>
    </ClCompile>
    <ClCompile Include="Skirmisher.cpp">
      <Filter>Source Files</Filter>
    </ClCompile>
    <ClCompile Include="Archer.cpp">
      <Filter>Source Files</Filter>
    </ClCompile>
    <ClCompile Include="Swordsman.cpp">
      <Filter>Source Files</Filter>
    </ClCompile>
    <ClCompile Include="MilitaryUnit.cpp">
      <Filter>Source Files</Filter>
    </ClCompile>
    <ClCompile Include="Pikeman.cpp">
      <Filter>Source Files</Filter>
    </ClCompile>
    <ClCompile Include="EcoManager.cpp">
      <Filter>Source Files</Filter>
    </ClCompile>
    <ClCompile Include="MilitaryManager.cpp">
      <Filter>Source Files</Filter>
    </ClCompile>
  </ItemGroup>
  <ItemGroup>
    <ClInclude Include="Application2D.h">
      <Filter>Header Files</Filter>
    </ClInclude>
    <ClInclude Include="resource.h">
      <Filter>Header Files</Filter>
    </ClInclude>
    <ClInclude Include="ResourceClass.h">
      <Filter>Header Files</Filter>
    </ClInclude>
    <ClInclude Include="Villager.h">
      <Filter>Header Files</Filter>
    </ClInclude>
    <ClInclude Include="GameObject.h">
      <Filter>Header Files</Filter>
    </ClInclude>
    <ClInclude Include="Floor.h">
      <Filter>Header Files</Filter>
    </ClInclude>
    <ClInclude Include="Tile.h">
      <Filter>Header Files</Filter>
    </ClInclude>
    <ClInclude Include="ResourceManager.h">
      <Filter>Header Files</Filter>
    </ClInclude>
    <ClInclude Include="FloorHeap.h">
      <Filter>Header Files</Filter>
    </ClInclude>
    <ClInclude Include="Empire.h">
      <Filter>Header Files</Filter>
    </ClInclude>
    <ClInclude Include="Unit.h">
      <Filter>Header Files</Filter>
    </ClInclude>
    <ClInclude Include="Building.h">
      <Filter>Header Files</Filter>
    </ClInclude>
    <ClInclude Include="TownCentre.h">
      <Filter>Header Files</Filter>
    </ClInclude>
    <ClInclude Include="BuildingPool.h">
      <Filter>Header Files</Filter>
    </ClInclude>
    <ClInclude Include="UnitPool.h">
      <Filter>Header Files</Filter>
    </ClInclude>
    <ClInclude Include="Storage.h">
      <Filter>Header Files</Filter>
    </ClInclude>
    <ClInclude Include="InputComponent.h">
      <Filter>Header Files</Filter>
    </ClInclude>
    <ClInclude Include="AIComponent.h">
      <Filter>Header Files</Filter>
    </ClInclude>
    <ClInclude Include="PlayerComponent.h">
      <Filter>Header Files</Filter>
    </ClInclude>
    <ClInclude Include="UI.h">
      <Filter>Header Files</Filter>
    </ClInclude>
    <ClInclude Include="Icon.h">
      <Filter>Header Files</Filter>
    </ClInclude>
    <ClInclude Include="Barracks.h">
      <Filter>Header Files</Filter>
    </ClInclude>
    <ClInclude Include="ArcheryRange.h">
      <Filter>Header Files</Filter>
    </ClInclude>
    <ClInclude Include="Stable.h">
      <Filter>Header Files</Filter>
    </ClInclude>
    <ClInclude Include="Knight.h">
      <Filter>Header Files</Filter>
    </ClInclude>
    <ClInclude Include="Scout.h">
      <Filter>Header Files</Filter>
    </ClInclude>
    <ClInclude Include="Skirmisher.h">
      <Filter>Header Files</Filter>
    </ClInclude>
    <ClInclude Include="Archer.h">
      <Filter>Header Files</Filter>
    </ClInclude>
    <ClInclude Include="Swordsman.h">
      <Filter>Header Files</Filter>
    </ClInclude>
    <ClInclude Include="MilitaryUnit.h">
      <Filter>Header Files</Filter>
    </ClInclude>
    <ClInclude Include="Pikeman.h">
      <Filter>Header Files</Filter>
    </ClInclude>
    <ClInclude Include="EcoManager.h">
      <Filter>Header Files</Filter>
    </ClInclude>
    <ClInclude Include="MilitaryManager.h">
      <Filter>Header Files</Filter>
    </ClInclude>
  </ItemGroup>
  <ItemGroup>
    <ResourceCompile Include="Project2D.rc">
      <Filter>Resource Files</Filter>
    </ResourceCompile>
  </ItemGroup>
</Project>